PODS:
  - MediaPipeTasksCommon (0.10.14)
  - MediaPipeTasksVision (0.10.14):
    - MediaPipeTasksCommon (= 0.10.14)

DEPENDENCIES:
  - MediaPipeTasksVision (= 0.10.14)

SPEC REPOS:
  trunk:
    - MediaPipeTasksCommon
    - MediaPipeTasksVision

SPEC CHECKSUMS:
  MediaPipeTasksCommon: 5660099c2dd81f7ac4a7a5f51055785ead8e0e64
  MediaPipeTasksVision: 0fac0db83c0b45e4d7811a9227be5e571403cf83

PODFILE CHECKSUM: 47a33f379bd25db9573fe8b00f23769a70bbd652

COCOAPODS: 1.14.3
