PODS:
  - MediaPipeTasksGenAI (0.10.14):
    - MediaPipeTasksGenAIC (= 0.10.14)
  - MediaPipeTasksGenAIC (0.10.14)

DEPENDENCIES:
  - MediaPipeTasksGenAI

SPEC REPOS:
  trunk:
    - MediaPipeTasksGenAI
    - MediaPipeTasksGenAIC

SPEC CHECKSUMS:
  MediaPipeTasksGenAI: 8cd77fa32ea21f7a6319b025aa28cfc3e20ab73b
  MediaPipeTasksGenAIC: 270ec81f85e96fac283945702e34112ebbfd5e77

PODFILE CHECKSUM: b561fe84c5e19b81e1111ba0f8f21564f7006b85

COCOAPODS: 1.15.2
