PODS:
  - MediaPipeTasksCommon (0.10.5)
  - MediaPipeTasksVision (0.10.5):
    - MediaPipeTasksCommon (= 0.10.5)

DEPENDENCIES:
  - MediaPipeTasksVision (= 0.10.5)

SPEC REPOS:
  trunk:
    - MediaPipeTasksCommon
    - MediaPipeTasksVision

SPEC CHECKSUMS:
  MediaPipeTasksCommon: 235e81afa9f7bd5b5b39f00a858bfb2539d1a52f
  MediaPipeTasksVision: d58f3a82c9fbda8c3be1bf2a1bf4d73e56a457e3

PODFILE CHECKSUM: 190e0b8d95f1326900e7ad10066ef87dc9a47676

COCOAPODS: 1.12.1
