PODS:
  - MediaPipeTasksCommon (0.10.3)
  - MediaPipeTasksVision (0.10.3):
    - MediaPipeTasksCommon (= 0.10.3)

DEPENDENCIES:
  - MediaPipeTasksVision (= 0.10.3)

SPEC REPOS:
  trunk:
    - MediaPipeTasksCommon
    - MediaPipeTasksVision

SPEC CHECKSUMS:
  MediaPipeTasksCommon: 8377139fdc9b3e88898789197f2dba15457c2879
  MediaPipeTasksVision: c0e0e8ea10966486cb4ce0d67e159165fb9d48e6

PODFILE CHECKSUM: 8b232b45f7d7bf9b98f8a9b1c3cdc19d205ea57c

COCOAPODS: 1.12.1
