// !$*UTF8*$!
{
	archiveVersion = 1;
	classes = {
	};
	objectVersion = 56;
	objects = {

/* Begin PBXBuildFile section */
		79A4378FAA9AF241A03613FF /* Pods_ImageClassifier.framework in Frameworks */ = {isa = PBXBuildFile; fileRef = E52246C5465654BEC99C6748 /* Pods_ImageClassifier.framework */; };
		7F7641AF2A74BC3300DDCE4E /* download_models.sh in Resources */ = {isa = PBXBuildFile; fileRef = 7F7641AE2A74BC3300DDCE4E /* download_models.sh */; };
		7F7641B02A74BCFB00DDCE4E /* cup.png in Resources */ = {isa = PBXBuildFile; fileRef = BF2B2D1A2A3BFC1100589A11 /* cup.png */; };
		8A09A75FB8580778BCA828C6 /* libPods-ImageClassifierTests.a in Frameworks */ = {isa = PBXBuildFile; fileRef = 9EFDD9A1F2B896959A7DB21F /* libPods-ImageClassifierTests.a */; };
		BF2B2CDB2A316CB000589A11 /* AppDelegate.swift in Sources */ = {isa = PBXBuildFile; fileRef = BF2B2CDA2A316CB000589A11 /* AppDelegate.swift */; };
		BF2B2CDD2A316CB000589A11 /* SceneDelegate.swift in Sources */ = {isa = PBXBuildFile; fileRef = BF2B2CDC2A316CB000589A11 /* SceneDelegate.swift */; };
		BF2B2CE22A316CB000589A11 /* Main.storyboard in Resources */ = {isa = PBXBuildFile; fileRef = BF2B2CE02A316CB000589A11 /* Main.storyboard */; };
		BF2B2CE42A316CB100589A11 /* Assets.xcassets in Resources */ = {isa = PBXBuildFile; fileRef = BF2B2CE32A316CB100589A11 /* Assets.xcassets */; };
		BF2B2CE72A316CB100589A11 /* LaunchScreen.storyboard in Resources */ = {isa = PBXBuildFile; fileRef = BF2B2CE52A316CB100589A11 /* LaunchScreen.storyboard */; };
		BF2B2CF22A316CB200589A11 /* ImageClassifierTests.swift in Sources */ = {isa = PBXBuildFile; fileRef = BF2B2CF12A316CB200589A11 /* ImageClassifierTests.swift */; };
		BF2B2D192A31719F00589A11 /* efficientnet_lite2.tflite in Resources */ = {isa = PBXBuildFile; fileRef = BF2B2D182A31719F00589A11 /* efficientnet_lite2.tflite */; };
		BF97417C2A5B9F1800701718 /* efficientnet_lite0.tflite in Resources */ = {isa = PBXBuildFile; fileRef = BF97417B2A5B9F1800701718 /* efficientnet_lite0.tflite */; };
		BFCDAE0C2AA03BC300EC4371 /* DefaultConstants.swift in Sources */ = {isa = PBXBuildFile; fileRef = BFCDADFC2AA03BC300EC4371 /* DefaultConstants.swift */; };
		BFCDAE0D2AA03BC300EC4371 /* InferenceConfigurationManager.swift in Sources */ = {isa = PBXBuildFile; fileRef = BFCDADFD2AA03BC300EC4371 /* InferenceConfigurationManager.swift */; };
		BFCDAE0F2AA03BC300EC4371 /* CameraFeedService.swift in Sources */ = {isa = PBXBuildFile; fileRef = BFCDAE012AA03BC300EC4371 /* CameraFeedService.swift */; };
		BFCDAE102AA03BC300EC4371 /* ImageClassifierService.swift in Sources */ = {isa = PBXBuildFile; fileRef = BFCDAE022AA03BC300EC4371 /* ImageClassifierService.swift */; };
		BFCDAE132AA03BC300EC4371 /* MediaLibraryViewController.swift in Sources */ = {isa = PBXBuildFile; fileRef = BFCDAE072AA03BC300EC4371 /* MediaLibraryViewController.swift */; };
		BFCDAE142AA03BC300EC4371 /* RootViewController.swift in Sources */ = {isa = PBXBuildFile; fileRef = BFCDAE082AA03BC300EC4371 /* RootViewController.swift */; };
		BFCDAE152AA03BC300EC4371 /* BottomSheetViewController.swift in Sources */ = {isa = PBXBuildFile; fileRef = BFCDAE092AA03BC300EC4371 /* BottomSheetViewController.swift */; };
		BFCDAE162AA03BC300EC4371 /* CameraViewController.swift in Sources */ = {isa = PBXBuildFile; fileRef = BFCDAE0A2AA03BC300EC4371 /* CameraViewController.swift */; };
/* End PBXBuildFile section */

/* Begin PBXContainerItemProxy section */
		BF2B2CEE2A316CB200589A11 /* PBXContainerItemProxy */ = {
			isa = PBXContainerItemProxy;
			containerPortal = BF2B2CCF2A316CB000589A11 /* Project object */;
			proxyType = 1;
			remoteGlobalIDString = BF2B2CD62A316CB000589A11;
			remoteInfo = ImageClassifier;
		};
/* End PBXContainerItemProxy section */

/* Begin PBXFileReference section */
		75F7F69D45338B6C4278D28B /* Pods-ImageClassifierTests.debug.xcconfig */ = {isa = PBXFileReference; includeInIndex = 1; lastKnownFileType = text.xcconfig; name = "Pods-ImageClassifierTests.debug.xcconfig"; path = "Target Support Files/Pods-ImageClassifierTests/Pods-ImageClassifierTests.debug.xcconfig"; sourceTree = "<group>"; };
		7F7641AE2A74BC3300DDCE4E /* download_models.sh */ = {isa = PBXFileReference; fileEncoding = 4; lastKnownFileType = text.script.sh; path = download_models.sh; sourceTree = "<group>"; };
		8F21AD4BF9E89E22FCDB2855 /* Pods-ImageClassifier.release.xcconfig */ = {isa = PBXFileReference; includeInIndex = 1; lastKnownFileType = text.xcconfig; name = "Pods-ImageClassifier.release.xcconfig"; path = "Target Support Files/Pods-ImageClassifier/Pods-ImageClassifier.release.xcconfig"; sourceTree = "<group>"; };
		9EFDD9A1F2B896959A7DB21F /* libPods-ImageClassifierTests.a */ = {isa = PBXFileReference; explicitFileType = archive.ar; includeInIndex = 0; path = "libPods-ImageClassifierTests.a"; sourceTree = BUILT_PRODUCTS_DIR; };
		ADCFF7BF41F9A043C2773BB0 /* Pods-ImageClassifier.debug.xcconfig */ = {isa = PBXFileReference; includeInIndex = 1; lastKnownFileType = text.xcconfig; name = "Pods-ImageClassifier.debug.xcconfig"; path = "Target Support Files/Pods-ImageClassifier/Pods-ImageClassifier.debug.xcconfig"; sourceTree = "<group>"; };
		BF2B2CD72A316CB000589A11 /* ImageClassifier.app */ = {isa = PBXFileReference; explicitFileType = wrapper.application; includeInIndex = 0; path = ImageClassifier.app; sourceTree = BUILT_PRODUCTS_DIR; };
		BF2B2CDA2A316CB000589A11 /* AppDelegate.swift */ = {isa = PBXFileReference; lastKnownFileType = sourcecode.swift; path = AppDelegate.swift; sourceTree = "<group>"; };
		BF2B2CDC2A316CB000589A11 /* SceneDelegate.swift */ = {isa = PBXFileReference; lastKnownFileType = sourcecode.swift; path = SceneDelegate.swift; sourceTree = "<group>"; };
		BF2B2CE12A316CB000589A11 /* Base */ = {isa = PBXFileReference; lastKnownFileType = file.storyboard; name = Base; path = Base.lproj/Main.storyboard; sourceTree = "<group>"; };
		BF2B2CE32A316CB100589A11 /* Assets.xcassets */ = {isa = PBXFileReference; lastKnownFileType = folder.assetcatalog; path = Assets.xcassets; sourceTree = "<group>"; };
		BF2B2CE62A316CB100589A11 /* Base */ = {isa = PBXFileReference; lastKnownFileType = file.storyboard; name = Base; path = Base.lproj/LaunchScreen.storyboard; sourceTree = "<group>"; };
		BF2B2CE82A316CB100589A11 /* Info.plist */ = {isa = PBXFileReference; lastKnownFileType = text.plist.xml; path = Info.plist; sourceTree = "<group>"; };
		BF2B2CED2A316CB200589A11 /* ImageClassifierTests.xctest */ = {isa = PBXFileReference; explicitFileType = wrapper.cfbundle; includeInIndex = 0; path = ImageClassifierTests.xctest; sourceTree = BUILT_PRODUCTS_DIR; };
		BF2B2CF12A316CB200589A11 /* ImageClassifierTests.swift */ = {isa = PBXFileReference; lastKnownFileType = sourcecode.swift; path = ImageClassifierTests.swift; sourceTree = "<group>"; };
		BF2B2D182A31719F00589A11 /* efficientnet_lite2.tflite */ = {isa = PBXFileReference; lastKnownFileType = file; path = efficientnet_lite2.tflite; sourceTree = "<group>"; };
		BF2B2D1A2A3BFC1100589A11 /* cup.png */ = {isa = PBXFileReference; lastKnownFileType = image.png; path = cup.png; sourceTree = "<group>"; };
		BF97417B2A5B9F1800701718 /* efficientnet_lite0.tflite */ = {isa = PBXFileReference; lastKnownFileType = file; path = efficientnet_lite0.tflite; sourceTree = "<group>"; };
		BFCDADFC2AA03BC300EC4371 /* DefaultConstants.swift */ = {isa = PBXFileReference; fileEncoding = 4; lastKnownFileType = sourcecode.swift; path = DefaultConstants.swift; sourceTree = "<group>"; };
		BFCDADFD2AA03BC300EC4371 /* InferenceConfigurationManager.swift */ = {isa = PBXFileReference; fileEncoding = 4; lastKnownFileType = sourcecode.swift; path = InferenceConfigurationManager.swift; sourceTree = "<group>"; };
		BFCDAE012AA03BC300EC4371 /* CameraFeedService.swift */ = {isa = PBXFileReference; fileEncoding = 4; lastKnownFileType = sourcecode.swift; path = CameraFeedService.swift; sourceTree = "<group>"; };
		BFCDAE022AA03BC300EC4371 /* ImageClassifierService.swift */ = {isa = PBXFileReference; fileEncoding = 4; lastKnownFileType = sourcecode.swift; path = ImageClassifierService.swift; sourceTree = "<group>"; };
		BFCDAE072AA03BC300EC4371 /* MediaLibraryViewController.swift */ = {isa = PBXFileReference; fileEncoding = 4; lastKnownFileType = sourcecode.swift; path = MediaLibraryViewController.swift; sourceTree = "<group>"; };
		BFCDAE082AA03BC300EC4371 /* RootViewController.swift */ = {isa = PBXFileReference; fileEncoding = 4; lastKnownFileType = sourcecode.swift; path = RootViewController.swift; sourceTree = "<group>"; };
		BFCDAE092AA03BC300EC4371 /* BottomSheetViewController.swift */ = {isa = PBXFileReference; fileEncoding = 4; lastKnownFileType = sourcecode.swift; path = BottomSheetViewController.swift; sourceTree = "<group>"; };
		BFCDAE0A2AA03BC300EC4371 /* CameraViewController.swift */ = {isa = PBXFileReference; fileEncoding = 4; lastKnownFileType = sourcecode.swift; path = CameraViewController.swift; sourceTree = "<group>"; };
		E52246C5465654BEC99C6748 /* Pods_ImageClassifier.framework */ = {isa = PBXFileReference; explicitFileType = wrapper.framework; includeInIndex = 0; path = Pods_ImageClassifier.framework; sourceTree = BUILT_PRODUCTS_DIR; };
		EF5D0746976BFA97CBE182D0 /* Pods-ImageClassifierTests.release.xcconfig */ = {isa = PBXFileReference; includeInIndex = 1; lastKnownFileType = text.xcconfig; name = "Pods-ImageClassifierTests.release.xcconfig"; path = "Target Support Files/Pods-ImageClassifierTests/Pods-ImageClassifierTests.release.xcconfig"; sourceTree = "<group>"; };
/* End PBXFileReference section */

/* Begin PBXFrameworksBuildPhase section */
		BF2B2CD42A316CB000589A11 /* Frameworks */ = {
			isa = PBXFrameworksBuildPhase;
			buildActionMask = 2147483647;
			files = (
				79A4378FAA9AF241A03613FF /* Pods_ImageClassifier.framework in Frameworks */,
			);
			runOnlyForDeploymentPostprocessing = 0;
		};
		BF2B2CEA2A316CB200589A11 /* Frameworks */ = {
			isa = PBXFrameworksBuildPhase;
			buildActionMask = 2147483647;
			files = (
				8A09A75FB8580778BCA828C6 /* libPods-ImageClassifierTests.a in Frameworks */,
			);
			runOnlyForDeploymentPostprocessing = 0;
		};
/* End PBXFrameworksBuildPhase section */

/* Begin PBXGroup section */
		7F7641AD2A74BC3300DDCE4E /* RunScripts */ = {
			isa = PBXGroup;
			children = (
				7F7641AE2A74BC3300DDCE4E /* download_models.sh */,
			);
			path = RunScripts;
			sourceTree = SOURCE_ROOT;
		};
		BF2B2CCE2A316CB000589A11 = {
			isa = PBXGroup;
			children = (
				BF2B2CD92A316CB000589A11 /* ImageClassifier */,
				BF2B2CF02A316CB200589A11 /* ImageClassifierTests */,
				7F7641AD2A74BC3300DDCE4E /* RunScripts */,
				BF2B2CD82A316CB000589A11 /* Products */,
				E977B2FD21B5AC3A654B76C4 /* Pods */,
				DE7FACF9B1AD0C5A8F58A56D /* Frameworks */,
			);
			sourceTree = "<group>";
		};
		BF2B2CD82A316CB000589A11 /* Products */ = {
			isa = PBXGroup;
			children = (
				BF2B2CD72A316CB000589A11 /* ImageClassifier.app */,
				BF2B2CED2A316CB200589A11 /* ImageClassifierTests.xctest */,
			);
			name = Products;
			sourceTree = "<group>";
		};
		BF2B2CD92A316CB000589A11 /* ImageClassifier */ = {
			isa = PBXGroup;
			children = (
				BFCDADFB2AA03BC300EC4371 /* Configs */,
				BFCDAE002AA03BC300EC4371 /* Services */,
				BFCDAE052AA03BC300EC4371 /* ViewContoller */,
				BF2B2CDA2A316CB000589A11 /* AppDelegate.swift */,
				BF2B2CDC2A316CB000589A11 /* SceneDelegate.swift */,
				BF2B2CE02A316CB000589A11 /* Main.storyboard */,
				BF2B2CE32A316CB100589A11 /* Assets.xcassets */,
				BF2B2CE52A316CB100589A11 /* LaunchScreen.storyboard */,
				BF2B2CE82A316CB100589A11 /* Info.plist */,
				BF97417B2A5B9F1800701718 /* efficientnet_lite0.tflite */,
				BF2B2D182A31719F00589A11 /* efficientnet_lite2.tflite */,
			);
			path = ImageClassifier;
			sourceTree = "<group>";
		};
		BF2B2CF02A316CB200589A11 /* ImageClassifierTests */ = {
			isa = PBXGroup;
			children = (
				BF2B2CF12A316CB200589A11 /* ImageClassifierTests.swift */,
				BF2B2D1A2A3BFC1100589A11 /* cup.png */,
			);
			path = ImageClassifierTests;
			sourceTree = "<group>";
		};
		BFCDADFB2AA03BC300EC4371 /* Configs */ = {
			isa = PBXGroup;
			children = (
				BFCDADFC2AA03BC300EC4371 /* DefaultConstants.swift */,
				BFCDADFD2AA03BC300EC4371 /* InferenceConfigurationManager.swift */,
			);
			path = Configs;
			sourceTree = "<group>";
		};
		BFCDAE002AA03BC300EC4371 /* Services */ = {
			isa = PBXGroup;
			children = (
				BFCDAE012AA03BC300EC4371 /* CameraFeedService.swift */,
				BFCDAE022AA03BC300EC4371 /* ImageClassifierService.swift */,
			);
			path = Services;
			sourceTree = "<group>";
		};
		BFCDAE052AA03BC300EC4371 /* ViewContoller */ = {
			isa = PBXGroup;
			children = (
				BFCDAE072AA03BC300EC4371 /* MediaLibraryViewController.swift */,
				BFCDAE082AA03BC300EC4371 /* RootViewController.swift */,
				BFCDAE092AA03BC300EC4371 /* BottomSheetViewController.swift */,
				BFCDAE0A2AA03BC300EC4371 /* CameraViewController.swift */,
			);
			path = ViewContoller;
			sourceTree = "<group>";
		};
		DE7FACF9B1AD0C5A8F58A56D /* Frameworks */ = {
			isa = PBXGroup;
			children = (
				E52246C5465654BEC99C6748 /* Pods_ImageClassifier.framework */,
				9EFDD9A1F2B896959A7DB21F /* libPods-ImageClassifierTests.a */,
			);
			name = Frameworks;
			sourceTree = "<group>";
		};
		E977B2FD21B5AC3A654B76C4 /* Pods */ = {
			isa = PBXGroup;
			children = (
				ADCFF7BF41F9A043C2773BB0 /* Pods-ImageClassifier.debug.xcconfig */,
				8F21AD4BF9E89E22FCDB2855 /* Pods-ImageClassifier.release.xcconfig */,
				75F7F69D45338B6C4278D28B /* Pods-ImageClassifierTests.debug.xcconfig */,
				EF5D0746976BFA97CBE182D0 /* Pods-ImageClassifierTests.release.xcconfig */,
			);
			path = Pods;
			sourceTree = "<group>";
		};
/* End PBXGroup section */

/* Begin PBXNativeTarget section */
		BF2B2CD62A316CB000589A11 /* ImageClassifier */ = {
			isa = PBXNativeTarget;
			buildConfigurationList = BF2B2D012A316CB200589A11 /* Build configuration list for PBXNativeTarget "ImageClassifier" */;
			buildPhases = (
				E8E2925BFDC8144DEDD967E5 /* [CP] Check Pods Manifest.lock */,
				7F7641AA2A74BBCF00DDCE4E /* Download models */,
				BF2B2CD32A316CB000589A11 /* Sources */,
				BF2B2CD42A316CB000589A11 /* Frameworks */,
				BF2B2CD52A316CB000589A11 /* Resources */,
			);
			buildRules = (
			);
			dependencies = (
			);
			name = ImageClassifier;
			productName = ImageClassifier;
			productReference = BF2B2CD72A316CB000589A11 /* ImageClassifier.app */;
			productType = "com.apple.product-type.application";
		};
		BF2B2CEC2A316CB200589A11 /* ImageClassifierTests */ = {
			isa = PBXNativeTarget;
			buildConfigurationList = BF2B2D042A316CB200589A11 /* Build configuration list for PBXNativeTarget "ImageClassifierTests" */;
			buildPhases = (
				9764F8E34375CF689F26838A /* [CP] Check Pods Manifest.lock */,
				BF2B2CE92A316CB200589A11 /* Sources */,
				BF2B2CEA2A316CB200589A11 /* Frameworks */,
				BF2B2CEB2A316CB200589A11 /* Resources */,
			);
			buildRules = (
			);
			dependencies = (
				BF2B2CEF2A316CB200589A11 /* PBXTargetDependency */,
			);
			name = ImageClassifierTests;
			productName = ImageClassifierTests;
			productReference = BF2B2CED2A316CB200589A11 /* ImageClassifierTests.xctest */;
			productType = "com.apple.product-type.bundle.unit-test";
		};
/* End PBXNativeTarget section */

/* Begin PBXProject section */
		BF2B2CCF2A316CB000589A11 /* Project object */ = {
			isa = PBXProject;
			attributes = {
				BuildIndependentTargetsInParallel = 1;
				LastSwiftUpdateCheck = 1430;
				LastUpgradeCheck = 1430;
				TargetAttributes = {
					BF2B2CD62A316CB000589A11 = {
						CreatedOnToolsVersion = 14.3;
					};
					BF2B2CEC2A316CB200589A11 = {
						CreatedOnToolsVersion = 14.3;
						TestTargetID = BF2B2CD62A316CB000589A11;
					};
				};
			};
			buildConfigurationList = BF2B2CD22A316CB000589A11 /* Build configuration list for PBXProject "ImageClassifier" */;
			compatibilityVersion = "Xcode 14.0";
			developmentRegion = en;
			hasScannedForEncodings = 0;
			knownRegions = (
				en,
				Base,
			);
			mainGroup = BF2B2CCE2A316CB000589A11;
			productRefGroup = BF2B2CD82A316CB000589A11 /* Products */;
			projectDirPath = "";
			projectRoot = "";
			targets = (
				BF2B2CD62A316CB000589A11 /* ImageClassifier */,
				BF2B2CEC2A316CB200589A11 /* ImageClassifierTests */,
			);
		};
/* End PBXProject section */

/* Begin PBXResourcesBuildPhase section */
		BF2B2CD52A316CB000589A11 /* Resources */ = {
			isa = PBXResourcesBuildPhase;
			buildActionMask = 2147483647;
			files = (
				BF2B2D192A31719F00589A11 /* efficientnet_lite2.tflite in Resources */,
				BF2B2CE72A316CB100589A11 /* LaunchScreen.storyboard in Resources */,
				BF2B2CE42A316CB100589A11 /* Assets.xcassets in Resources */,
				BF97417C2A5B9F1800701718 /* efficientnet_lite0.tflite in Resources */,
				BF2B2CE22A316CB000589A11 /* Main.storyboard in Resources */,
			);
			runOnlyForDeploymentPostprocessing = 0;
		};
		BF2B2CEB2A316CB200589A11 /* Resources */ = {
			isa = PBXResourcesBuildPhase;
			buildActionMask = 2147483647;
			files = (
				7F7641B02A74BCFB00DDCE4E /* cup.png in Resources */,
				7F7641AF2A74BC3300DDCE4E /* download_models.sh in Resources */,
			);
			runOnlyForDeploymentPostprocessing = 0;
		};
/* End PBXResourcesBuildPhase section */

/* Begin PBXShellScriptBuildPhase section */
		7F7641AA2A74BBCF00DDCE4E /* Download models */ = {
			isa = PBXShellScriptBuildPhase;
			alwaysOutOfDate = 1;
			buildActionMask = 2147483647;
			files = (
			);
			inputFileListPaths = (
			);
			inputPaths = (
			);
			name = "Download models";
			outputFileListPaths = (
			);
			outputPaths = (
			);
			runOnlyForDeploymentPostprocessing = 0;
			shellPath = /bin/sh;
			shellScript = "\"$SRCROOT/RunScripts/download_models.sh\"\n";
		};
		9764F8E34375CF689F26838A /* [CP] Check Pods Manifest.lock */ = {
			isa = PBXShellScriptBuildPhase;
			buildActionMask = 2147483647;
			files = (
			);
			inputFileListPaths = (
			);
			inputPaths = (
				"${PODS_PODFILE_DIR_PATH}/Podfile.lock",
				"${PODS_ROOT}/Manifest.lock",
			);
			name = "[CP] Check Pods Manifest.lock";
			outputFileListPaths = (
			);
			outputPaths = (
				"$(DERIVED_FILE_DIR)/Pods-ImageClassifierTests-checkManifestLockResult.txt",
			);
			runOnlyForDeploymentPostprocessing = 0;
			shellPath = /bin/sh;
			shellScript = "diff \"${PODS_PODFILE_DIR_PATH}/Podfile.lock\" \"${PODS_ROOT}/Manifest.lock\" > /dev/null\nif [ $? != 0 ] ; then\n    # print error to STDERR\n    echo \"error: The sandbox is not in sync with the Podfile.lock. Run 'pod install' or update your CocoaPods installation.\" >&2\n    exit 1\nfi\n# This output is used by Xcode 'outputs' to avoid re-running this script phase.\necho \"SUCCESS\" > \"${SCRIPT_OUTPUT_FILE_0}\"\n";
			showEnvVarsInLog = 0;
		};
		E8E2925BFDC8144DEDD967E5 /* [CP] Check Pods Manifest.lock */ = {
			isa = PBXShellScriptBuildPhase;
			buildActionMask = 2147483647;
			files = (
			);
			inputFileListPaths = (
			);
			inputPaths = (
				"${PODS_PODFILE_DIR_PATH}/Podfile.lock",
				"${PODS_ROOT}/Manifest.lock",
			);
			name = "[CP] Check Pods Manifest.lock";
			outputFileListPaths = (
			);
			outputPaths = (
				"$(DERIVED_FILE_DIR)/Pods-ImageClassifier-checkManifestLockResult.txt",
			);
			runOnlyForDeploymentPostprocessing = 0;
			shellPath = /bin/sh;
			shellScript = "diff \"${PODS_PODFILE_DIR_PATH}/Podfile.lock\" \"${PODS_ROOT}/Manifest.lock\" > /dev/null\nif [ $? != 0 ] ; then\n    # print error to STDERR\n    echo \"error: The sandbox is not in sync with the Podfile.lock. Run 'pod install' or update your CocoaPods installation.\" >&2\n    exit 1\nfi\n# This output is used by Xcode 'outputs' to avoid re-running this script phase.\necho \"SUCCESS\" > \"${SCRIPT_OUTPUT_FILE_0}\"\n";
			showEnvVarsInLog = 0;
		};
/* End PBXShellScriptBuildPhase section */

/* Begin PBXSourcesBuildPhase section */
		BF2B2CD32A316CB000589A11 /* Sources */ = {
			isa = PBXSourcesBuildPhase;
			buildActionMask = 2147483647;
			files = (
				BF2B2CDB2A316CB000589A11 /* AppDelegate.swift in Sources */,
				BFCDAE132AA03BC300EC4371 /* MediaLibraryViewController.swift in Sources */,
				BFCDAE0C2AA03BC300EC4371 /* DefaultConstants.swift in Sources */,
				BFCDAE102AA03BC300EC4371 /* ImageClassifierService.swift in Sources */,
				BFCDAE0F2AA03BC300EC4371 /* CameraFeedService.swift in Sources */,
				BFCDAE142AA03BC300EC4371 /* RootViewController.swift in Sources */,
				BF2B2CDD2A316CB000589A11 /* SceneDelegate.swift in Sources */,
				BFCDAE162AA03BC300EC4371 /* CameraViewController.swift in Sources */,
				BFCDAE152AA03BC300EC4371 /* BottomSheetViewController.swift in Sources */,
				BFCDAE0D2AA03BC300EC4371 /* InferenceConfigurationManager.swift in Sources */,
			);
			runOnlyForDeploymentPostprocessing = 0;
		};
		BF2B2CE92A316CB200589A11 /* Sources */ = {
			isa = PBXSourcesBuildPhase;
			buildActionMask = 2147483647;
			files = (
				BF2B2CF22A316CB200589A11 /* ImageClassifierTests.swift in Sources */,
			);
			runOnlyForDeploymentPostprocessing = 0;
		};
/* End PBXSourcesBuildPhase section */

/* Begin PBXTargetDependency section */
		BF2B2CEF2A316CB200589A11 /* PBXTargetDependency */ = {
			isa = PBXTargetDependency;
			target = BF2B2CD62A316CB000589A11 /* ImageClassifier */;
			targetProxy = BF2B2CEE2A316CB200589A11 /* PBXContainerItemProxy */;
		};
/* End PBXTargetDependency section */

/* Begin PBXVariantGroup section */
		BF2B2CE02A316CB000589A11 /* Main.storyboard */ = {
			isa = PBXVariantGroup;
			children = (
				BF2B2CE12A316CB000589A11 /* Base */,
			);
			name = Main.storyboard;
			sourceTree = "<group>";
		};
		BF2B2CE52A316CB100589A11 /* LaunchScreen.storyboard */ = {
			isa = PBXVariantGroup;
			children = (
				BF2B2CE62A316CB100589A11 /* Base */,
			);
			name = LaunchScreen.storyboard;
			sourceTree = "<group>";
		};
/* End PBXVariantGroup section */

/* Begin XCBuildConfiguration section */
		BF2B2CFF2A316CB200589A11 /* Debug */ = {
			isa = XCBuildConfiguration;
			buildSettings = {
				ALWAYS_SEARCH_USER_PATHS = NO;
				CLANG_ANALYZER_NONNULL = YES;
				CLANG_ANALYZER_NUMBER_OBJECT_CONVERSION = YES_AGGRESSIVE;
				CLANG_CXX_LANGUAGE_STANDARD = "gnu++20";
				CLANG_ENABLE_MODULES = YES;
				CLANG_ENABLE_OBJC_ARC = YES;
				CLANG_ENABLE_OBJC_WEAK = YES;
				CLANG_WARN_BLOCK_CAPTURE_AUTORELEASING = YES;
				CLANG_WARN_BOOL_CONVERSION = YES;
				CLANG_WARN_COMMA = YES;
				CLANG_WARN_CONSTANT_CONVERSION = YES;
				CLANG_WARN_DEPRECATED_OBJC_IMPLEMENTATIONS = YES;
				CLANG_WARN_DIRECT_OBJC_ISA_USAGE = YES_ERROR;
				CLANG_WARN_DOCUMENTATION_COMMENTS = YES;
				CLANG_WARN_EMPTY_BODY = YES;
				CLANG_WARN_ENUM_CONVERSION = YES;
				CLANG_WARN_INFINITE_RECURSION = YES;
				CLANG_WARN_INT_CONVERSION = YES;
				CLANG_WARN_NON_LITERAL_NULL_CONVERSION = YES;
				CLANG_WARN_OBJC_IMPLICIT_RETAIN_SELF = YES;
				CLANG_WARN_OBJC_LITERAL_CONVERSION = YES;
				CLANG_WARN_OBJC_ROOT_CLASS = YES_ERROR;
				CLANG_WARN_QUOTED_INCLUDE_IN_FRAMEWORK_HEADER = YES;
				CLANG_WARN_RANGE_LOOP_ANALYSIS = YES;
				CLANG_WARN_STRICT_PROTOTYPES = YES;
				CLANG_WARN_SUSPICIOUS_MOVE = YES;
				CLANG_WARN_UNGUARDED_AVAILABILITY = YES_AGGRESSIVE;
				CLANG_WARN_UNREACHABLE_CODE = YES;
				CLANG_WARN__DUPLICATE_METHOD_MATCH = YES;
				COPY_PHASE_STRIP = NO;
				DEBUG_INFORMATION_FORMAT = dwarf;
				ENABLE_STRICT_OBJC_MSGSEND = YES;
				ENABLE_TESTABILITY = YES;
				GCC_C_LANGUAGE_STANDARD = gnu11;
				GCC_DYNAMIC_NO_PIC = NO;
				GCC_NO_COMMON_BLOCKS = YES;
				GCC_OPTIMIZATION_LEVEL = 0;
				GCC_PREPROCESSOR_DEFINITIONS = (
					"DEBUG=1",
					"$(inherited)",
				);
				GCC_WARN_64_TO_32_BIT_CONVERSION = YES;
				GCC_WARN_ABOUT_RETURN_TYPE = YES_ERROR;
				GCC_WARN_UNDECLARED_SELECTOR = YES;
				GCC_WARN_UNINITIALIZED_AUTOS = YES_AGGRESSIVE;
				GCC_WARN_UNUSED_FUNCTION = YES;
				GCC_WARN_UNUSED_VARIABLE = YES;
				IPHONEOS_DEPLOYMENT_TARGET = 16.4;
				MTL_ENABLE_DEBUG_INFO = INCLUDE_SOURCE;
				MTL_FAST_MATH = YES;
				ONLY_ACTIVE_ARCH = YES;
				SDKROOT = iphoneos;
				SWIFT_ACTIVE_COMPILATION_CONDITIONS = DEBUG;
				SWIFT_OPTIMIZATION_LEVEL = "-Onone";
			};
			name = Debug;
		};
		BF2B2D002A316CB200589A11 /* Release */ = {
			isa = XCBuildConfiguration;
			buildSettings = {
				ALWAYS_SEARCH_USER_PATHS = NO;
				CLANG_ANALYZER_NONNULL = YES;
				CLANG_ANALYZER_NUMBER_OBJECT_CONVERSION = YES_AGGRESSIVE;
				CLANG_CXX_LANGUAGE_STANDARD = "gnu++20";
				CLANG_ENABLE_MODULES = YES;
				CLANG_ENABLE_OBJC_ARC = YES;
				CLANG_ENABLE_OBJC_WEAK = YES;
				CLANG_WARN_BLOCK_CAPTURE_AUTORELEASING = YES;
				CLANG_WARN_BOOL_CONVERSION = YES;
				CLANG_WARN_COMMA = YES;
				CLANG_WARN_CONSTANT_CONVERSION = YES;
				CLANG_WARN_DEPRECATED_OBJC_IMPLEMENTATIONS = YES;
				CLANG_WARN_DIRECT_OBJC_ISA_USAGE = YES_ERROR;
				CLANG_WARN_DOCUMENTATION_COMMENTS = YES;
				CLANG_WARN_EMPTY_BODY = YES;
				CLANG_WARN_ENUM_CONVERSION = YES;
				CLANG_WARN_INFINITE_RECURSION = YES;
				CLANG_WARN_INT_CONVERSION = YES;
				CLANG_WARN_NON_LITERAL_NULL_CONVERSION = YES;
				CLANG_WARN_OBJC_IMPLICIT_RETAIN_SELF = YES;
				CLANG_WARN_OBJC_LITERAL_CONVERSION = YES;
				CLANG_WARN_OBJC_ROOT_CLASS = YES_ERROR;
				CLANG_WARN_QUOTED_INCLUDE_IN_FRAMEWORK_HEADER = YES;
				CLANG_WARN_RANGE_LOOP_ANALYSIS = YES;
				CLANG_WARN_STRICT_PROTOTYPES = YES;
				CLANG_WARN_SUSPICIOUS_MOVE = YES;
				CLANG_WARN_UNGUARDED_AVAILABILITY = YES_AGGRESSIVE;
				CLANG_WARN_UNREACHABLE_CODE = YES;
				CLANG_WARN__DUPLICATE_METHOD_MATCH = YES;
				COPY_PHASE_STRIP = NO;
				DEBUG_INFORMATION_FORMAT = "dwarf-with-dsym";
				ENABLE_NS_ASSERTIONS = NO;
				ENABLE_STRICT_OBJC_MSGSEND = YES;
				GCC_C_LANGUAGE_STANDARD = gnu11;
				GCC_NO_COMMON_BLOCKS = YES;
				GCC_WARN_64_TO_32_BIT_CONVERSION = YES;
				GCC_WARN_ABOUT_RETURN_TYPE = YES_ERROR;
				GCC_WARN_UNDECLARED_SELECTOR = YES;
				GCC_WARN_UNINITIALIZED_AUTOS = YES_AGGRESSIVE;
				GCC_WARN_UNUSED_FUNCTION = YES;
				GCC_WARN_UNUSED_VARIABLE = YES;
				IPHONEOS_DEPLOYMENT_TARGET = 16.4;
				MTL_ENABLE_DEBUG_INFO = NO;
				MTL_FAST_MATH = YES;
				SDKROOT = iphoneos;
				SWIFT_COMPILATION_MODE = wholemodule;
				SWIFT_OPTIMIZATION_LEVEL = "-O";
				VALIDATE_PRODUCT = YES;
			};
			name = Release;
		};
		BF2B2D022A316CB200589A11 /* Debug */ = {
			isa = XCBuildConfiguration;
			baseConfigurationReference = ADCFF7BF41F9A043C2773BB0 /* Pods-ImageClassifier.debug.xcconfig */;
			buildSettings = {
				ASSETCATALOG_COMPILER_APPICON_NAME = AppIcon;
				ASSETCATALOG_COMPILER_GLOBAL_ACCENT_COLOR_NAME = AccentColor;
				CODE_SIGN_IDENTITY = "Apple Development";
				CODE_SIGN_STYLE = Automatic;
				CURRENT_PROJECT_VERSION = 1;
				DEVELOPMENT_TEAM = "";
				GENERATE_INFOPLIST_FILE = YES;
				INFOPLIST_FILE = ImageClassifier/Info.plist;
				INFOPLIST_KEY_NSCameraUsageDescription = "This app uses camera to classify the objects that appear in the camera feed.";
				INFOPLIST_KEY_UIApplicationSupportsIndirectInputEvents = YES;
				INFOPLIST_KEY_UILaunchStoryboardName = LaunchScreen;
				INFOPLIST_KEY_UIMainStoryboardFile = Main;
				INFOPLIST_KEY_UISupportedInterfaceOrientations_iPad = "UIInterfaceOrientationPortrait UIInterfaceOrientationPortraitUpsideDown UIInterfaceOrientationLandscapeLeft UIInterfaceOrientationLandscapeRight";
				INFOPLIST_KEY_UISupportedInterfaceOrientations_iPhone = "UIInterfaceOrientationPortrait UIInterfaceOrientationLandscapeLeft UIInterfaceOrientationLandscapeRight";
				INFOPLIST_KEY_UIUserInterfaceStyle = Light;
				IPHONEOS_DEPLOYMENT_TARGET = 15.0;
				LD_RUNPATH_SEARCH_PATHS = (
					"$(inherited)",
					"@executable_path/Frameworks",
				);
				MARKETING_VERSION = 1.0;
				PRODUCT_BUNDLE_IDENTIFIER = com.google.mediapipe.examples.imageclassification;
				PRODUCT_NAME = "$(TARGET_NAME)";
				PROVISIONING_PROFILE_SPECIFIER = "";
				SWIFT_EMIT_LOC_STRINGS = YES;
				SWIFT_VERSION = 5.0;
				TARGETED_DEVICE_FAMILY = "1,2";
			};
			name = Debug;
		};
		BF2B2D032A316CB200589A11 /* Release */ = {
			isa = XCBuildConfiguration;
			baseConfigurationReference = 8F21AD4BF9E89E22FCDB2855 /* Pods-ImageClassifier.release.xcconfig */;
			buildSettings = {
				ASSETCATALOG_COMPILER_APPICON_NAME = AppIcon;
				ASSETCATALOG_COMPILER_GLOBAL_ACCENT_COLOR_NAME = AccentColor;
				CODE_SIGN_IDENTITY = "Apple Development";
				CODE_SIGN_STYLE = Automatic;
				CURRENT_PROJECT_VERSION = 1;
				DEVELOPMENT_TEAM = "";
				GENERATE_INFOPLIST_FILE = YES;
				INFOPLIST_FILE = ImageClassifier/Info.plist;
				INFOPLIST_KEY_NSCameraUsageDescription = "This app uses camera to classify the objects that appear in the camera feed.";
				INFOPLIST_KEY_UIApplicationSupportsIndirectInputEvents = YES;
				INFOPLIST_KEY_UILaunchStoryboardName = LaunchScreen;
				INFOPLIST_KEY_UIMainStoryboardFile = Main;
				INFOPLIST_KEY_UISupportedInterfaceOrientations_iPad = "UIInterfaceOrientationPortrait UIInterfaceOrientationPortraitUpsideDown UIInterfaceOrientationLandscapeLeft UIInterfaceOrientationLandscapeRight";
				INFOPLIST_KEY_UISupportedInterfaceOrientations_iPhone = "UIInterfaceOrientationPortrait UIInterfaceOrientationLandscapeLeft UIInterfaceOrientationLandscapeRight";
				INFOPLIST_KEY_UIUserInterfaceStyle = Light;
				IPHONEOS_DEPLOYMENT_TARGET = 15.0;
				LD_RUNPATH_SEARCH_PATHS = (
					"$(inherited)",
					"@executable_path/Frameworks",
				);
				MARKETING_VERSION = 1.0;
				PRODUCT_BUNDLE_IDENTIFIER = com.google.mediapipe.examples.imageclassification;
				PRODUCT_NAME = "$(TARGET_NAME)";
				PROVISIONING_PROFILE_SPECIFIER = "";
				SWIFT_EMIT_LOC_STRINGS = YES;
				SWIFT_VERSION = 5.0;
				TARGETED_DEVICE_FAMILY = "1,2";
			};
			name = Release;
		};
		BF2B2D052A316CB200589A11 /* Debug */ = {
			isa = XCBuildConfiguration;
			baseConfigurationReference = 75F7F69D45338B6C4278D28B /* Pods-ImageClassifierTests.debug.xcconfig */;
			buildSettings = {
				ALWAYS_EMBED_SWIFT_STANDARD_LIBRARIES = YES;
				BUNDLE_LOADER = "$(TEST_HOST)";
				CODE_SIGN_IDENTITY = "Apple Development";
				CODE_SIGN_STYLE = Automatic;
				CURRENT_PROJECT_VERSION = 1;
				DEVELOPMENT_TEAM = "";
				GENERATE_INFOPLIST_FILE = YES;
				IPHONEOS_DEPLOYMENT_TARGET = 16.4;
				MARKETING_VERSION = 1.0;
				PRODUCT_BUNDLE_IDENTIFIER = com.example.ImageClassifierTests;
				PRODUCT_NAME = "$(TARGET_NAME)";
				PROVISIONING_PROFILE_SPECIFIER = "";
				SWIFT_EMIT_LOC_STRINGS = NO;
				SWIFT_VERSION = 5.0;
				TARGETED_DEVICE_FAMILY = "1,2";
				TEST_HOST = "$(BUILT_PRODUCTS_DIR)/ImageClassifier.app/$(BUNDLE_EXECUTABLE_FOLDER_PATH)/ImageClassifier";
			};
			name = Debug;
		};
		BF2B2D062A316CB200589A11 /* Release */ = {
			isa = XCBuildConfiguration;
			baseConfigurationReference = EF5D0746976BFA97CBE182D0 /* Pods-ImageClassifierTests.release.xcconfig */;
			buildSettings = {
				ALWAYS_EMBED_SWIFT_STANDARD_LIBRARIES = YES;
				BUNDLE_LOADER = "$(TEST_HOST)";
				CODE_SIGN_IDENTITY = "Apple Development";
				CODE_SIGN_STYLE = Automatic;
				CURRENT_PROJECT_VERSION = 1;
				DEVELOPMENT_TEAM = "";
				GENERATE_INFOPLIST_FILE = YES;
				IPHONEOS_DEPLOYMENT_TARGET = 16.4;
				MARKETING_VERSION = 1.0;
				PRODUCT_BUNDLE_IDENTIFIER = com.example.ImageClassifierTests;
				PRODUCT_NAME = "$(TARGET_NAME)";
				PROVISIONING_PROFILE_SPECIFIER = "";
				SWIFT_EMIT_LOC_STRINGS = NO;
				SWIFT_VERSION = 5.0;
				TARGETED_DEVICE_FAMILY = "1,2";
				TEST_HOST = "$(BUILT_PRODUCTS_DIR)/ImageClassifier.app/$(BUNDLE_EXECUTABLE_FOLDER_PATH)/ImageClassifier";
			};
			name = Release;
		};
/* End XCBuildConfiguration section */

/* Begin XCConfigurationList section */
		BF2B2CD22A316CB000589A11 /* Build configuration list for PBXProject "ImageClassifier" */ = {
			isa = XCConfigurationList;
			buildConfigurations = (
				BF2B2CFF2A316CB200589A11 /* Debug */,
				BF2B2D002A316CB200589A11 /* Release */,
			);
			defaultConfigurationIsVisible = 0;
			defaultConfigurationName = Release;
		};
		BF2B2D012A316CB200589A11 /* Build configuration list for PBXNativeTarget "ImageClassifier" */ = {
			isa = XCConfigurationList;
			buildConfigurations = (
				BF2B2D022A316CB200589A11 /* Debug */,
				BF2B2D032A316CB200589A11 /* Release */,
			);
			defaultConfigurationIsVisible = 0;
			defaultConfigurationName = Release;
		};
		BF2B2D042A316CB200589A11 /* Build configuration list for PBXNativeTarget "ImageClassifierTests" */ = {
			isa = XCConfigurationList;
			buildConfigurations = (
				BF2B2D052A316CB200589A11 /* Debug */,
				BF2B2D062A316CB200589A11 /* Release */,
			);
			defaultConfigurationIsVisible = 0;
			defaultConfigurationName = Release;
		};
/* End XCConfigurationList section */
	};
	rootObject = BF2B2CCF2A316CB000589A11 /* Project object */;
}
