PODS:
  - MediaPipeTasksCommon (0.10.14)
  - MediaPipeTasksText (0.10.14):
    - MediaPipeTasksCommon (= 0.10.14)

DEPENDENCIES:
  - MediaPipeTasksText (= 0.10.14)

SPEC REPOS:
  trunk:
    - MediaPipeTasksCommon
    - MediaPipeTasksText

SPEC CHECKSUMS:
  MediaPipeTasksCommon: 5660099c2dd81f7ac4a7a5f51055785ead8e0e64
  MediaPipeTasksText: 6c251a9d3d127ef7a1efd82aa1d7f84f980a46b2

PODFILE CHECKSUM: f312c6eacc7f937af44db7eab9ed3b75a24ae85e

COCOAPODS: 1.14.3
