PODS:
  - MediaPipeTasksCommon (0.10.14)
  - MediaPipeTasksText (0.10.14):
    - MediaPipeTasksCommon (= 0.10.14)

DEPENDENCIES:
  - MediaPipeTasksText (= 0.10.14)

SPEC REPOS:
  trunk:
    - MediaPipeTasksCommon
    - MediaPipeTasksText

SPEC CHECKSUMS:
  MediaPipeTasksCommon: 5660099c2dd81f7ac4a7a5f51055785ead8e0e64
  MediaPipeTasksText: 6c251a9d3d127ef7a1efd82aa1d7f84f980a46b2

PODFILE CHECKSUM: 9f7107afefde459e1aeef9a769c7075bcb91c2d1

COCOAPODS: 1.14.3
