// !$*UTF8*$!
{
	archiveVersion = 1;
	classes = {
	};
	objectVersion = 56;
	objects = {

/* Begin PBXBuildFile section */
		100000000000000000000102 /* InteractiveSegmenterApp.swift in Sources */ = {isa = PBXBuildFile; fileRef = 100000000000000000000101 /* InteractiveSegmenterApp.swift */; };
		100000000000000000000104 /* InteractiveSegmenterView.swift in Sources */ = {isa = PBXBuildFile; fileRef = 100000000000000000000103 /* InteractiveSegmenterView.swift */; };
		100000000000000000000106 /* InteractiveSegmenterViewModel.swift in Sources */ = {isa = PBXBuildFile; fileRef = 100000000000000000000105 /* InteractiveSegmenterViewModel.swift */; };
		100000000000000000000111 /* interactive_segmentation.task in Resources */ = {isa = PBXBuildFile; fileRef = 100000000000000000000110 /* interactive_segmentation.task */; };
		100000000000000000000113 /* cats_and_dogs.jpg in Resources */ = {isa = PBXBuildFile; fileRef = 100000000000000000000112 /* cats_and_dogs.jpg */; };
		900C7977F53CF9012B1E350A /* Pods_InteractiveSegmenter.framework in Frameworks */ = {isa = PBXBuildFile; fileRef = 56A56F12B8EEFBBA7D5BD4DF /* Pods_InteractiveSegmenter.framework */; };
/* End PBXBuildFile section */

/* Begin PBXFileReference section */
		100000000000000000000010 /* InteractiveSegmenter.app */ = {isa = PBXFileReference; explicitFileType = wrapper.application; includeInIndex = 0; path = InteractiveSegmenter.app; sourceTree = BUILT_PRODUCTS_DIR; };
		100000000000000000000101 /* InteractiveSegmenterApp.swift */ = {isa = PBXFileReference; lastKnownFileType = sourcecode.swift; path = InteractiveSegmenterApp.swift; sourceTree = "<group>"; };
		100000000000000000000103 /* InteractiveSegmenterView.swift */ = {isa = PBXFileReference; lastKnownFileType = sourcecode.swift; path = InteractiveSegmenterView.swift; sourceTree = "<group>"; };
		100000000000000000000105 /* InteractiveSegmenterViewModel.swift */ = {isa = PBXFileReference; lastKnownFileType = sourcecode.swift; path = InteractiveSegmenterViewModel.swift; sourceTree = "<group>"; };
		100000000000000000000109 /* Info.plist */ = {isa = PBXFileReference; lastKnownFileType = text.plist.xml; path = Info.plist; sourceTree = "<group>"; };
		100000000000000000000110 /* interactive_segmentation.task */ = {isa = PBXFileReference; lastKnownFileType = file; path = interactive_segmentation.task; sourceTree = "<group>"; };
		100000000000000000000112 /* cats_and_dogs.jpg */ = {isa = PBXFileReference; lastKnownFileType = image.jpeg; path = cats_and_dogs.jpg; sourceTree = "<group>"; };
		3365BD7AEAA020E1182C8AFF /* Pods-InteractiveSegmenter.debug.xcconfig */ = {isa = PBXFileReference; includeInIndex = 1; lastKnownFileType = text.xcconfig; name = "Pods-InteractiveSegmenter.debug.xcconfig"; path = "Target Support Files/Pods-InteractiveSegmenter/Pods-InteractiveSegmenter.debug.xcconfig"; sourceTree = "<group>"; };
		56A56F12B8EEFBBA7D5BD4DF /* Pods_InteractiveSegmenter.framework */ = {isa = PBXFileReference; explicitFileType = wrapper.framework; includeInIndex = 0; path = Pods_InteractiveSegmenter.framework; sourceTree = BUILT_PRODUCTS_DIR; };
		7578714110D92417BAFD5768 /* Pods-InteractiveSegmenter.release.xcconfig */ = {isa = PBXFileReference; includeInIndex = 1; lastKnownFileType = text.xcconfig; name = "Pods-InteractiveSegmenter.release.xcconfig"; path = "Target Support Files/Pods-InteractiveSegmenter/Pods-InteractiveSegmenter.release.xcconfig"; sourceTree = "<group>"; };
/* End PBXFileReference section */

/* Begin PBXFrameworksBuildPhase section */
		100000000000000000000203 /* Frameworks */ = {
			isa = PBXFrameworksBuildPhase;
			buildActionMask = 2147483647;
			files = (
				900C7977F53CF9012B1E350A /* Pods_InteractiveSegmenter.framework in Frameworks */,
			);
			runOnlyForDeploymentPostprocessing = 0;
		};
/* End PBXFrameworksBuildPhase section */

/* Begin PBXGroup section */
		100000000000000000000002 = {
			isa = PBXGroup;
			children = (
				100000000000000000000003 /* InteractiveSegmenter */,
				100000000000000000000004 /* Products */,
				100000000000000000000006 /* Pods */,
				D534FDD3131593DFDDD4C74D /* Frameworks */,
			);
			sourceTree = "<group>";
		};
		100000000000000000000003 /* InteractiveSegmenter */ = {
			isa = PBXGroup;
			children = (
				100000000000000000000101 /* InteractiveSegmenterApp.swift */,
				100000000000000000000103 /* InteractiveSegmenterView.swift */,
				100000000000000000000105 /* InteractiveSegmenterViewModel.swift */,
				100000000000000000000109 /* Info.plist */,
				100000000000000000000110 /* interactive_segmentation.task */,
				100000000000000000000112 /* cats_and_dogs.jpg */,
			);
			path = InteractiveSegmenter;
			sourceTree = "<group>";
		};
		100000000000000000000004 /* Products */ = {
			isa = PBXGroup;
			children = (
				100000000000000000000010 /* InteractiveSegmenter.app */,
			);
			name = Products;
			sourceTree = "<group>";
		};
		100000000000000000000006 /* Pods */ = {
			isa = PBXGroup;
			children = (
				3365BD7AEAA020E1182C8AFF /* Pods-InteractiveSegmenter.debug.xcconfig */,
				7578714110D92417BAFD5768 /* Pods-InteractiveSegmenter.release.xcconfig */,
			);
			path = Pods;
			sourceTree = "<group>";
		};
		D534FDD3131593DFDDD4C74D /* Frameworks */ = {
			isa = PBXGroup;
			children = (
				56A56F12B8EEFBBA7D5BD4DF /* Pods_InteractiveSegmenter.framework */,
			);
			name = Frameworks;
			sourceTree = "<group>";
		};
/* End PBXGroup section */

/* Begin PBXNativeTarget section */
		100000000000000000000020 /* InteractiveSegmenter */ = {
			isa = PBXNativeTarget;
			buildConfigurationList = 100000000000000000000304 /* Build configuration list for PBXNativeTarget "InteractiveSegmenter" */;
			buildPhases = (
				CCE04239FB1FDA0258533B0D /* [CP] Check Pods Manifest.lock */,
				100000000000000000000202 /* Sources */,
				100000000000000000000203 /* Frameworks */,
				100000000000000000000204 /* Resources */,
			);
			buildRules = (
			);
			dependencies = (
			);
			name = InteractiveSegmenter;
			productName = InteractiveSegmenter;
			productReference = 100000000000000000000010 /* InteractiveSegmenter.app */;
			productType = "com.apple.product-type.application";
		};
/* End PBXNativeTarget section */

/* Begin PBXProject section */
		100000000000000000000001 /* Project object */ = {
			isa = PBXProject;
			attributes = {
				BuildIndependentTargetsInParallel = 1;
				LastSwiftUpdateCheck = 1500;
				LastUpgradeCheck = 1500;
				TargetAttributes = {
					100000000000000000000020 = {
						CreatedOnToolsVersion = 15.0;
					};
				};
			};
			buildConfigurationList = 100000000000000000000301 /* Build configuration list for PBXProject "InteractiveSegmenter" */;
			compatibilityVersion = "Xcode 14.0";
			developmentRegion = en;
			hasScannedForEncodings = 0;
			knownRegions = (
				en,
				Base,
			);
			mainGroup = 100000000000000000000002;
			productRefGroup = 100000000000000000000004 /* Products */;
			projectDirPath = "";
			projectRoot = "";
			targets = (
				100000000000000000000020 /* InteractiveSegmenter */,
			);
		};
/* End PBXProject section */

/* Begin PBXResourcesBuildPhase section */
		100000000000000000000204 /* Resources */ = {
			isa = PBXResourcesBuildPhase;
			buildActionMask = 2147483647;
			files = (
				100000000000000000000111 /* interactive_segmentation.task in Resources */,
				100000000000000000000113 /* cats_and_dogs.jpg in Resources */,
			);
			runOnlyForDeploymentPostprocessing = 0;
		};
/* End PBXResourcesBuildPhase section */

/* Begin PBXShellScriptBuildPhase section */
		CCE04239FB1FDA0258533B0D /* [CP] Check Pods Manifest.lock */ = {
			isa = PBXShellScriptBuildPhase;
			buildActionMask = 2147483647;
			files = (
			);
			inputFileListPaths = (
			);
			inputPaths = (
				"${PODS_PODFILE_DIR_PATH}/Podfile.lock",
				"${PODS_ROOT}/Manifest.lock",
			);
			name = "[CP] Check Pods Manifest.lock";
			outputFileListPaths = (
			);
			outputPaths = (
				"$(DERIVED_FILE_DIR)/Pods-InteractiveSegmenter-checkManifestLockResult.txt",
			);
			runOnlyForDeploymentPostprocessing = 0;
			shellPath = /bin/sh;
			shellScript = "diff \"${PODS_PODFILE_DIR_PATH}/Podfile.lock\" \"${PODS_ROOT}/Manifest.lock\" > /dev/null\nif [ $? != 0 ] ; then\n    # print error to STDERR\n    echo \"error: The sandbox is not in sync with the Podfile.lock. Run 'pod install' or update your CocoaPods installation.\" >&2\n    exit 1\nfi\n# This output is used by Xcode 'outputs' to avoid re-running this script phase.\necho \"SUCCESS\" > \"${SCRIPT_OUTPUT_FILE_0}\"\n";
			showEnvVarsInLog = 0;
		};
/* End PBXShellScriptBuildPhase section */

/* Begin PBXSourcesBuildPhase section */
		100000000000000000000202 /* Sources */ = {
			isa = PBXSourcesBuildPhase;
			buildActionMask = 2147483647;
			files = (
				100000000000000000000102 /* InteractiveSegmenterApp.swift in Sources */,
				100000000000000000000104 /* InteractiveSegmenterView.swift in Sources */,
				100000000000000000000106 /* InteractiveSegmenterViewModel.swift in Sources */,
			);
			runOnlyForDeploymentPostprocessing = 0;
		};
/* End PBXSourcesBuildPhase section */

/* Begin XCBuildConfiguration section */
		100000000000000000000302 /* Debug */ = {
			isa = XCBuildConfiguration;
			buildSettings = {
				ALWAYS_SEARCH_USER_PATHS = NO;
				CLANG_ANALYZER_NONNULL = YES;
				CLANG_ANALYZER_NUMBER_OBJECT_CONVERSION = YES_AGGRESSIVE;
				CLANG_CXX_LANGUAGE_STANDARD = "gnu++20";
				CLANG_ENABLE_MODULES = YES;
				CLANG_ENABLE_OBJC_ARC = YES;
				CLANG_ENABLE_OBJC_WEAK = YES;
				CLANG_WARN_BLOCK_CAPTURE_AUTORELEASING = YES;
				CLANG_WARN_BOOL_CONVERSION = YES;
				CLANG_WARN_COMMA = YES;
				CLANG_WARN_CONSTANT_CONVERSION = YES;
				CLANG_WARN_DEPRECATED_OBJC_IMPLEMENTATIONS = YES;
				CLANG_WARN_DIRECT_OBJC_ISA_USAGE = YES_ERROR;
				CLANG_WARN_DOCUMENTATION_COMMENTS = YES;
				CLANG_WARN_EMPTY_BODY = YES;
				CLANG_WARN_ENUM_CONVERSION = YES;
				CLANG_WARN_INFINITE_RECURSION = YES;
				CLANG_WARN_INT_CONVERSION = YES;
				CLANG_WARN_NON_LITERAL_NULL_CONVERSION = YES;
				CLANG_WARN_OBJC_IMPLICIT_RETAIN_SELF = YES;
				CLANG_WARN_OBJC_LITERAL_CONVERSION = YES;
				CLANG_WARN_OBJC_ROOT_CLASS = YES_ERROR;
				CLANG_WARN_QUOTED_INCLUDE_IN_FRAMEWORK_HEADER = YES;
				CLANG_WARN_RANGE_LOOP_ANALYSIS = YES;
				CLANG_WARN_STRICT_PROTOTYPES = YES;
				CLANG_WARN_SUSPICIOUS_MOVE = YES;
				CLANG_WARN_UNGUARDED_AVAILABILITY = YES_AGGRESSIVE;
				CLANG_WARN_UNREACHABLE_CODE = YES;
				CLANG_WARN__DUPLICATE_METHOD_MATCH = YES;
				COPY_PHASE_STRIP = NO;
				DEBUG_INFORMATION_FORMAT = dwarf;
				ENABLE_STRICT_OBJC_MSGSEND = YES;
				ENABLE_TESTABILITY = YES;
				GCC_C_LANGUAGE_STANDARD = gnu17;
				GCC_DYNAMIC_NO_PIC = NO;
				GCC_NO_COMMON_BLOCKS = YES;
				GCC_OPTIMIZATION_LEVEL = 0;
				GCC_PREPROCESSOR_DEFINITIONS = (
					"DEBUG=1",
					"$(inherited)",
				);
				GCC_WARN_64_TO_32_BIT_CONVERSION = YES;
				GCC_WARN_ABOUT_RETURN_TYPE = YES_ERROR;
				GCC_WARN_UNDECLARED_SELECTOR = YES;
				GCC_WARN_UNINITIALIZED_AUTOS = YES_AGGRESSIVE;
				GCC_WARN_UNUSED_FUNCTION = YES;
				GCC_WARN_UNUSED_VARIABLE = YES;
				MTL_ENABLE_DEBUG_INFO = INCLUDE_SOURCE;
				MTL_FAST_MATH = YES;
				ONLY_ACTIVE_ARCH = YES;
				SWIFT_ACTIVE_COMPILATION_CONDITIONS = "DEBUG $(inherited)";
				SWIFT_OPTIMIZATION_LEVEL = "-Onone";
			};
			name = Debug;
		};
		100000000000000000000303 /* Release */ = {
			isa = XCBuildConfiguration;
			buildSettings = {
				ALWAYS_SEARCH_USER_PATHS = NO;
				CLANG_ANALYZER_NONNULL = YES;
				CLANG_ANALYZER_NUMBER_OBJECT_CONVERSION = YES_AGGRESSIVE;
				CLANG_CXX_LANGUAGE_STANDARD = "gnu++20";
				CLANG_ENABLE_MODULES = YES;
				CLANG_ENABLE_OBJC_ARC = YES;
				CLANG_ENABLE_OBJC_WEAK = YES;
				CLANG_WARN_BLOCK_CAPTURE_AUTORELEASING = YES;
				CLANG_WARN_BOOL_CONVERSION = YES;
				CLANG_WARN_COMMA = YES;
				CLANG_WARN_CONSTANT_CONVERSION = YES;
				CLANG_WARN_DEPRECATED_OBJC_IMPLEMENTATIONS = YES;
				CLANG_WARN_DIRECT_OBJC_ISA_USAGE = YES_ERROR;
				CLANG_WARN_DOCUMENTATION_COMMENTS = YES;
				CLANG_WARN_EMPTY_BODY = YES;
				CLANG_WARN_ENUM_CONVERSION = YES;
				CLANG_WARN_INFINITE_RECURSION = YES;
				CLANG_WARN_INT_CONVERSION = YES;
				CLANG_WARN_NON_LITERAL_NULL_CONVERSION = YES;
				CLANG_WARN_OBJC_IMPLICIT_RETAIN_SELF = YES;
				CLANG_WARN_OBJC_LITERAL_CONVERSION = YES;
				CLANG_WARN_OBJC_ROOT_CLASS = YES_ERROR;
				CLANG_WARN_QUOTED_INCLUDE_IN_FRAMEWORK_HEADER = YES;
				CLANG_WARN_RANGE_LOOP_ANALYSIS = YES;
				CLANG_WARN_STRICT_PROTOTYPES = YES;
				CLANG_WARN_SUSPICIOUS_MOVE = YES;
				CLANG_WARN_UNGUARDED_AVAILABILITY = YES_AGGRESSIVE;
				CLANG_WARN_UNREACHABLE_CODE = YES;
				CLANG_WARN__DUPLICATE_METHOD_MATCH = YES;
				COPY_PHASE_STRIP = NO;
				DEBUG_INFORMATION_FORMAT = "dwarf-with-dsym";
				ENABLE_NS_ASSERTIONS = NO;
				ENABLE_STRICT_OBJC_MSGSEND = YES;
				GCC_C_LANGUAGE_STANDARD = gnu17;
				GCC_NO_COMMON_BLOCKS = YES;
				GCC_WARN_64_TO_32_BIT_CONVERSION = YES;
				GCC_WARN_ABOUT_RETURN_TYPE = YES_ERROR;
				GCC_WARN_UNDECLARED_SELECTOR = YES;
				GCC_WARN_UNINITIALIZED_AUTOS = YES_AGGRESSIVE;
				GCC_WARN_UNUSED_FUNCTION = YES;
				GCC_WARN_UNUSED_VARIABLE = YES;
				MTL_ENABLE_DEBUG_INFO = NO;
				MTL_FAST_MATH = YES;
				SWIFT_COMPILATION_MODE = wholemodule;
			};
			name = Release;
		};
		100000000000000000000305 /* Debug */ = {
			isa = XCBuildConfiguration;
			baseConfigurationReference = 3365BD7AEAA020E1182C8AFF /* Pods-InteractiveSegmenter.debug.xcconfig */;
			buildSettings = {
				CODE_SIGN_STYLE = Automatic;
				CURRENT_PROJECT_VERSION = 1;
				DEVELOPMENT_TEAM = YWVG5P4Z8D;
				GENERATE_INFOPLIST_FILE = NO;
				INFOPLIST_FILE = InteractiveSegmenter/Info.plist;
				"INFOPLIST_KEY_UILaunchScreen_Generation[sdk=iphoneos*]" = YES;
				"INFOPLIST_KEY_UILaunchScreen_Generation[sdk=iphonesimulator*]" = YES;
				IPHONEOS_DEPLOYMENT_TARGET = 17.0;
				LD_RUNPATH_SEARCH_PATHS = (
					"$(inherited)",
					"@executable_path/Frameworks",
				);
				MARKETING_VERSION = 1.0;
				PRODUCT_BUNDLE_IDENTIFIER = com.google.mediapipe.tasks.examples.InteractiveSegmenter2;
				PRODUCT_NAME = "$(TARGET_NAME)";
				SDKROOT = iphoneos;
				SWIFT_VERSION = 5.0;
				TARGETED_DEVICE_FAMILY = "1,2";
			};
			name = Debug;
		};
		100000000000000000000306 /* Release */ = {
			isa = XCBuildConfiguration;
			baseConfigurationReference = 7578714110D92417BAFD5768 /* Pods-InteractiveSegmenter.release.xcconfig */;
			buildSettings = {
				CODE_SIGN_STYLE = Automatic;
				CURRENT_PROJECT_VERSION = 1;
				DEVELOPMENT_TEAM = YWVG5P4Z8D;
				GENERATE_INFOPLIST_FILE = NO;
				INFOPLIST_FILE = InteractiveSegmenter/Info.plist;
				"INFOPLIST_KEY_UILaunchScreen_Generation[sdk=iphoneos*]" = YES;
				"INFOPLIST_KEY_UILaunchScreen_Generation[sdk=iphonesimulator*]" = YES;
				IPHONEOS_DEPLOYMENT_TARGET = 17.0;
				LD_RUNPATH_SEARCH_PATHS = (
					"$(inherited)",
					"@executable_path/Frameworks",
				);
				MARKETING_VERSION = 1.0;
				PRODUCT_BUNDLE_IDENTIFIER = com.google.mediapipe.tasks.examples.InteractiveSegmenter2;
				PRODUCT_NAME = "$(TARGET_NAME)";
				SDKROOT = iphoneos;
				SWIFT_VERSION = 5.0;
				TARGETED_DEVICE_FAMILY = "1,2";
			};
			name = Release;
		};
/* End XCBuildConfiguration section */

/* Begin XCConfigurationList section */
		100000000000000000000301 /* Build configuration list for PBXProject "InteractiveSegmenter" */ = {
			isa = XCConfigurationList;
			buildConfigurations = (
				100000000000000000000302 /* Debug */,
				100000000000000000000303 /* Release */,
			);
			defaultConfigurationIsVisible = 0;
			defaultConfigurationName = Release;
		};
		100000000000000000000304 /* Build configuration list for PBXNativeTarget "InteractiveSegmenter" */ = {
			isa = XCConfigurationList;
			buildConfigurations = (
				100000000000000000000305 /* Debug */,
				100000000000000000000306 /* Release */,
			);
			defaultConfigurationIsVisible = 0;
			defaultConfigurationName = Release;
		};
/* End XCConfigurationList section */
	};
	rootObject = 100000000000000000000001 /* Project object */;
}
