{
  "name": "mp_tasks_genai_in_node",
  "version": "1.0.0",
  "lockfileVersion": 3,
  "requires": true,
  "packages": {
    "": {
      "name": "mp_tasks_genai_in_node",
      "version": "1.0.0",
      "license": "Apache-2.0",
      "dependencies": {
        "@mediapipe/tasks-genai": "^0.10.26",
        "argparse": "^2.0.1",
        "typescript": "^5.8.3",
        "webgpu": "^0.3.8"
      }
    },
    "node_modules/@mediapipe/tasks-genai": {
      "version": "0.10.26",
      "resolved": "https://registry.npmjs.org/@mediapipe/tasks-genai/-/tasks-genai-0.10.26.tgz",
      "integrity": "sha512-T93kfSsMWEQzdCfyyBpHWofrthU+5dYTKqxvmTDE5JhInUtjxceyDRD13q3f26Yi9ffOeFioXPXE3ZF0RL9hyw==",
      "license": "Apache-2.0"
    },
    "node_modules/@webgpu/types": {
      "version": "0.1.68",
      "resolved": "https://registry.npmjs.org/@webgpu/types/-/types-0.1.68.tgz",
      "integrity": "sha512-3ab1B59Ojb6RwjOspYLsTpCzbNB3ZaamIAxBMmvnNkiDoLTZUOBXZ9p5nAYVEkQlDdf6qAZWi1pqj9+ypiqznA==",
      "license": "BSD-3-Clause"
    },
    "node_modules/argparse": {
      "version": "2.0.1",
      "resolved": "https://registry.npmjs.org/argparse/-/argparse-2.0.1.tgz",
      "integrity": "sha512-8+9WqebbFzpX9OR+Wa6O29asIogeRMzcGtAINdpMHHyAg10f05aSFVBbcEqGf/PXw1EjAZ+q2/bEBg3DvurK3Q=="
    },
    "node_modules/debug": {
      "version": "4.4.3",
      "resolved": "https://registry.npmjs.org/debug/-/debug-4.4.3.tgz",
      "integrity": "sha512-RGwwWnwQvkVfavKVt22FGLw+xYSdzARwm0ru6DhTVA3umU5hZc28V3kO4stgYryrTlLpuvgI9GiijltAjNbcqA==",
      "license": "MIT",
      "dependencies": {
        "ms": "^2.1.3"
      },
      "engines": {
        "node": ">=6.0"
      },
      "peerDependenciesMeta": {
        "supports-color": {
          "optional": true
        }
      }
    },
    "node_modules/ms": {
      "version": "2.1.3",
      "resolved": "https://registry.npmjs.org/ms/-/ms-2.1.3.tgz",
      "integrity": "sha512-6FlzubTLZG3J2a/NVCAleEhjzq5oxgHyaCU9yYXvcLsvoVaHJq/s5xXI6/XXP6tz7R9xAOtHnSO/tXtF3WRTlA==",
      "license": "MIT"
    },
    "node_modules/typescript": {
      "version": "5.8.3",
      "resolved": "https://registry.npmjs.org/typescript/-/typescript-5.8.3.tgz",
      "integrity": "sha512-p1diW6TqL9L07nNxvRMM7hMMw4c5XOo/1ibL4aAIGmSAt9slTE1Xgw5KWuof2uTOvCg9BY7ZRi+GaF+7sfgPeQ==",
      "bin": {
        "tsc": "bin/tsc",
        "tsserver": "bin/tsserver"
      },
      "engines": {
        "node": ">=14.17"
      }
    },
    "node_modules/webgpu": {
      "version": "0.3.8",
      "resolved": "https://registry.npmjs.org/webgpu/-/webgpu-0.3.8.tgz",
      "integrity": "sha512-g2YwfCvzHoQHwSEY3fS95sVKdo/JVLL9AnicJyRQBPwWm4j7zISHvk6P85HaWP0LhtBV+aopsShKIaDi4smECg==",
      "hasInstallScript": true,
      "license": "MIT",
      "dependencies": {
        "@webgpu/types": "^0.1.65",
        "debug": "^4.4.0"
      }
    }
  }
}
