PODS:
  - MediaPipeTasksCommon (0.10.12)
  - MediaPipeTasksVision (0.10.12):
    - MediaPipeTasksCommon (= 0.10.12)

DEPENDENCIES:
  - MediaPipeTasksVision (= 0.10.12)

SPEC REPOS:
  trunk:
    - MediaPipeTasksCommon
    - MediaPipeTasksVision

SPEC CHECKSUMS:
  MediaPipeTasksCommon: 254e6bff77804b262f6ecf180477142ea551e802
  MediaPipeTasksVision: 78d5c47cd7996b4d815bacba0a52dbf01458dfaf

PODFILE CHECKSUM: 29f14d152cc8d5ead847a890518b7de9bb9955fe

COCOAPODS: 1.14.3
