PODS:
  - MediaPipeTasksCommon (0.10.2-alpha-1)
  - MediaPipeTasksVision (0.10.2-alpha-1):
    - MediaPipeTasksCommon (= 0.10.2-alpha-1)

DEPENDENCIES:
  - MediaPipeTasksVision (= 0.10.2-alpha-1)

SPEC REPOS:
  trunk:
    - MediaPipeTasksCommon
    - MediaPipeTasksVision

SPEC CHECKSUMS:
  MediaPipeTasksCommon: 21bb385daca3c53176bbde7d47036db8b5755be7
  MediaPipeTasksVision: db7bdf34e10e29417bb7d8be5177acf56ddb64f6

PODFILE CHECKSUM: b9df689131d1d44731186195b656e374b54f6e2c

COCOAPODS: 1.12.1
